{
  "lib/forge-std": {
    "rev": "c90c02ffa470b46d92ffaab093baeb296300870b"
  },
  "lib/openzeppelin-contracts": {
    "rev": "cd05883078060e0cd8a7bd36636944570dbe1722"
  },
  "lib/openzeppelin-contracts-upgradeable": {
    "rev": "7bf4727aacdbfaa0f36cbd664654d0c9e1dc52bf"
  },
  "lib/vault-v2": {
    "rev": "549b113106e505b83952c7b296622534338d5f92"
  }
}